// !$*UTF8*$!
{
	archiveVersion = 1;
	classes = {
	};
	objectVersion = 46;
	objects = {

/* Begin PBXBuildFile section */
		6CF1D3A21E35FA28009C152D /* ic_bus_normal.png in Resources */ = {isa = PBXBuildFile; fileRef = 6CF1D39A1E35FA28009C152D /* ic_bus_normal.png */; };
		6CF1D3A31E35FA28009C152D /* ic_bus_select.png in Resources */ = {isa = PBXBuildFile; fileRef = 6CF1D39B1E35FA28009C152D /* ic_bus_select.png */; };
		6CF1D3A41E35FA28009C152D /* ic_desc_normal.png in Resources */ = {isa = PBXBuildFile; fileRef = 6CF1D39C1E35FA28009C152D /* ic_desc_normal.png */; };
		6CF1D3A51E35FA28009C152D /* ic_desc_select.png in Resources */ = {isa = PBXBuildFile; fileRef = 6CF1D39D1E35FA28009C152D /* ic_desc_select.png */; };
		6CF1D3A61E35FA28009C152D /* ic_site_normal.png in Resources */ = {isa = PBXBuildFile; fileRef = 6CF1D39E1E35FA28009C152D /* ic_site_normal.png */; };
		6CF1D3A71E35FA28009C152D /* ic_site_select.png in Resources */ = {isa = PBXBuildFile; fileRef = 6CF1D39F1E35FA28009C152D /* ic_site_select.png */; };
		6CF1D3A81E35FA28009C152D /* ic_time_normal.png in Resources */ = {isa = PBXBuildFile; fileRef = 6CF1D3A01E35FA28009C152D /* ic_time_normal.png */; };
		6CF1D3A91E35FA28009C152D /* ic_time_select.png in Resources */ = {isa = PBXBuildFile; fileRef = 6CF1D3A11E35FA28009C152D /* ic_time_select.png */; };
		CC04EB011C9812AC007E6A75 /* main.m in Sources */ = {isa = PBXBuildFile; fileRef = CC04EB001C9812AC007E6A75 /* main.m */; };
		CC04EB041C9812AC007E6A75 /* AppDelegate.m in Sources */ = {isa = PBXBuildFile; fileRef = CC04EB031C9812AC007E6A75 /* AppDelegate.m */; };
		CC04EB0A1C9812AC007E6A75 /* Main.storyboard in Resources */ = {isa = PBXBuildFile; fileRef = CC04EB081C9812AC007E6A75 /* Main.storyboard */; };
		CC04EB0C1C9812AD007E6A75 /* Assets.xcassets in Resources */ = {isa = PBXBuildFile; fileRef = CC04EB0B1C9812AD007E6A75 /* Assets.xcassets */; };
		CC04EB0F1C9812AD007E6A75 /* LaunchScreen.storyboard in Resources */ = {isa = PBXBuildFile; fileRef = CC04EB0D1C9812AD007E6A75 /* LaunchScreen.storyboard */; };
		CC04EB1A1C9812AD007E6A75 /* TopMenuSelectTests.m in Sources */ = {isa = PBXBuildFile; fileRef = CC04EB191C9812AD007E6A75 /* TopMenuSelectTests.m */; };
		CC04EB261C9812DF007E6A75 /* BaseViewController.m in Sources */ = {isa = PBXBuildFile; fileRef = CC04EB251C9812DF007E6A75 /* BaseViewController.m */; };
		CC04EB2A1C981328007E6A75 /* TopMenuSelectViewController.m in Sources */ = {isa = PBXBuildFile; fileRef = CC04EB281C981328007E6A75 /* TopMenuSelectViewController.m */; };
		CC04EB2B1C981328007E6A75 /* TopMenuSelectViewController.xib in Resources */ = {isa = PBXBuildFile; fileRef = CC04EB291C981328007E6A75 /* TopMenuSelectViewController.xib */; };
/* End PBXBuildFile section */

/* Begin PBXContainerItemProxy section */
		CC04EB161C9812AD007E6A75 /* PBXContainerItemProxy */ = {
			isa = PBXContainerItemProxy;
			containerPortal = CC04EAF41C9812AC007E6A75 /* Project object */;
			proxyType = 1;
			remoteGlobalIDString = CC04EAFB1C9812AC007E6A75;
			remoteInfo = TopMenuSelect;
		};
/* End PBXContainerItemProxy section */

/* Begin PBXFileReference section */
		6CF1D39A1E35FA28009C152D /* ic_bus_normal.png */ = {isa = PBXFileReference; lastKnownFileType = image.png; path = ic_bus_normal.png; sourceTree = "<group>"; };
		6CF1D39B1E35FA28009C152D /* ic_bus_select.png */ = {isa = PBXFileReference; lastKnownFileType = image.png; path = ic_bus_select.png; sourceTree = "<group>"; };
		6CF1D39C1E35FA28009C152D /* ic_desc_normal.png */ = {isa = PBXFileReference; lastKnownFileType = image.png; path = ic_desc_normal.png; sourceTree = "<group>"; };
		6CF1D39D1E35FA28009C152D /* ic_desc_select.png */ = {isa = PBXFileReference; lastKnownFileType = image.png; path = ic_desc_select.png; sourceTree = "<group>"; };
		6CF1D39E1E35FA28009C152D /* ic_site_normal.png */ = {isa = PBXFileReference; lastKnownFileType = image.png; path = ic_site_normal.png; sourceTree = "<group>"; };
		6CF1D39F1E35FA28009C152D /* ic_site_select.png */ = {isa = PBXFileReference; lastKnownFileType = image.png; path = ic_site_select.png; sourceTree = "<group>"; };
		6CF1D3A01E35FA28009C152D /* ic_time_normal.png */ = {isa = PBXFileReference; lastKnownFileType = image.png; path = ic_time_normal.png; sourceTree = "<group>"; };
		6CF1D3A11E35FA28009C152D /* ic_time_select.png */ = {isa = PBXFileReference; lastKnownFileType = image.png; path = ic_time_select.png; sourceTree = "<group>"; };
		CC04EAFC1C9812AC007E6A75 /* TopMenuSelect.app */ = {isa = PBXFileReference; explicitFileType = wrapper.application; includeInIndex = 0; path = TopMenuSelect.app; sourceTree = BUILT_PRODUCTS_DIR; };
		CC04EB001C9812AC007E6A75 /* main.m */ = {isa = PBXFileReference; lastKnownFileType = sourcecode.c.objc; path = main.m; sourceTree = "<group>"; };
		CC04EB021C9812AC007E6A75 /* AppDelegate.h */ = {isa = PBXFileReference; lastKnownFileType = sourcecode.c.h; path = AppDelegate.h; sourceTree = "<group>"; };
		CC04EB031C9812AC007E6A75 /* AppDelegate.m */ = {isa = PBXFileReference; lastKnownFileType = sourcecode.c.objc; path = AppDelegate.m; sourceTree = "<group>"; };
		CC04EB091C9812AC007E6A75 /* Base */ = {isa = PBXFileReference; lastKnownFileType = file.storyboard; name = Base; path = Base.lproj/Main.storyboard; sourceTree = "<group>"; };
		CC04EB0B1C9812AD007E6A75 /* Assets.xcassets */ = {isa = PBXFileReference; lastKnownFileType = folder.assetcatalog; path = Assets.xcassets; sourceTree = "<group>"; };
		CC04EB0E1C9812AD007E6A75 /* Base */ = {isa = PBXFileReference; lastKnownFileType = file.storyboard; name = Base; path = Base.lproj/LaunchScreen.storyboard; sourceTree = "<group>"; };
		CC04EB101C9812AD007E6A75 /* Info.plist */ = {isa = PBXFileReference; lastKnownFileType = text.plist.xml; path = Info.plist; sourceTree = "<group>"; };
		CC04EB151C9812AD007E6A75 /* TopMenuSelectTests.xctest */ = {isa = PBXFileReference; explicitFileType = wrapper.cfbundle; includeInIndex = 0; path = TopMenuSelectTests.xctest; sourceTree = BUILT_PRODUCTS_DIR; };
		CC04EB191C9812AD007E6A75 /* TopMenuSelectTests.m */ = {isa = PBXFileReference; lastKnownFileType = sourcecode.c.objc; path = TopMenuSelectTests.m; sourceTree = "<group>"; };
		CC04EB1B1C9812AD007E6A75 /* Info.plist */ = {isa = PBXFileReference; lastKnownFileType = text.plist.xml; path = Info.plist; sourceTree = "<group>"; };
		CC04EB241C9812DF007E6A75 /* BaseViewController.h */ = {isa = PBXFileReference; fileEncoding = 4; lastKnownFileType = sourcecode.c.h; path = BaseViewController.h; sourceTree = "<group>"; };
		CC04EB251C9812DF007E6A75 /* BaseViewController.m */ = {isa = PBXFileReference; fileEncoding = 4; lastKnownFileType = sourcecode.c.objc; path = BaseViewController.m; sourceTree = "<group>"; };
		CC04EB271C981328007E6A75 /* TopMenuSelectViewController.h */ = {isa = PBXFileReference; fileEncoding = 4; lastKnownFileType = sourcecode.c.h; path = TopMenuSelectViewController.h; sourceTree = "<group>"; };
		CC04EB281C981328007E6A75 /* TopMenuSelectViewController.m */ = {isa = PBXFileReference; fileEncoding = 4; lastKnownFileType = sourcecode.c.objc; path = TopMenuSelectViewController.m; sourceTree = "<group>"; };
		CC04EB291C981328007E6A75 /* TopMenuSelectViewController.xib */ = {isa = PBXFileReference; fileEncoding = 4; lastKnownFileType = file.xib; path = TopMenuSelectViewController.xib; sourceTree = "<group>"; };
/* End PBXFileReference section */

/* Begin PBXFrameworksBuildPhase section */
		CC04EAF91C9812AC007E6A75 /* Frameworks */ = {
			isa = PBXFrameworksBuildPhase;
			buildActionMask = 2147483647;
			files = (
			);
			runOnlyForDeploymentPostprocessing = 0;
		};
		CC04EB121C9812AD007E6A75 /* Frameworks */ = {
			isa = PBXFrameworksBuildPhase;
			buildActionMask = 2147483647;
			files = (
			);
			runOnlyForDeploymentPostprocessing = 0;
		};
/* End PBXFrameworksBuildPhase section */

/* Begin PBXGroup section */
		6C827B031E30B53D0002376C /* image */ = {
			isa = PBXGroup;
			children = (
				6CF1D39A1E35FA28009C152D /* ic_bus_normal.png */,
				6CF1D39B1E35FA28009C152D /* ic_bus_select.png */,
				6CF1D39C1E35FA28009C152D /* ic_desc_normal.png */,
				6CF1D39D1E35FA28009C152D /* ic_desc_select.png */,
				6CF1D39E1E35FA28009C152D /* ic_site_normal.png */,
				6CF1D39F1E35FA28009C152D /* ic_site_select.png */,
				6CF1D3A01E35FA28009C152D /* ic_time_normal.png */,
				6CF1D3A11E35FA28009C152D /* ic_time_select.png */,
			);
			path = image;
			sourceTree = "<group>";
		};
		CC04EAF31C9812AC007E6A75 = {
			isa = PBXGroup;
			children = (
				6C827B031E30B53D0002376C /* image */,
				CC04EAFE1C9812AC007E6A75 /* TopMenuSelect */,
				CC04EB181C9812AD007E6A75 /* TopMenuSelectTests */,
				CC04EAFD1C9812AC007E6A75 /* Products */,
			);
			sourceTree = "<group>";
		};
		CC04EAFD1C9812AC007E6A75 /* Products */ = {
			isa = PBXGroup;
			children = (
				CC04EAFC1C9812AC007E6A75 /* TopMenuSelect.app */,
				CC04EB151C9812AD007E6A75 /* TopMenuSelectTests.xctest */,
			);
			name = Products;
			sourceTree = "<group>";
		};
		CC04EAFE1C9812AC007E6A75 /* TopMenuSelect */ = {
			isa = PBXGroup;
			children = (
				CC04EB021C9812AC007E6A75 /* AppDelegate.h */,
				CC04EB031C9812AC007E6A75 /* AppDelegate.m */,
				CC04EB241C9812DF007E6A75 /* BaseViewController.h */,
				CC04EB251C9812DF007E6A75 /* BaseViewController.m */,
				CC04EB271C981328007E6A75 /* TopMenuSelectViewController.h */,
				CC04EB281C981328007E6A75 /* TopMenuSelectViewController.m */,
				CC04EB291C981328007E6A75 /* TopMenuSelectViewController.xib */,
				CC04EB081C9812AC007E6A75 /* Main.storyboard */,
				CC04EB0B1C9812AD007E6A75 /* Assets.xcassets */,
				CC04EB0D1C9812AD007E6A75 /* LaunchScreen.storyboard */,
				CC04EB101C9812AD007E6A75 /* Info.plist */,
				CC04EAFF1C9812AC007E6A75 /* Supporting Files */,
			);
			path = TopMenuSelect;
			sourceTree = "<group>";
		};
		CC04EAFF1C9812AC007E6A75 /* Supporting Files */ = {
			isa = PBXGroup;
			children = (
				CC04EB001C9812AC007E6A75 /* main.m */,
			);
			name = "Supporting Files";
			sourceTree = "<group>";
		};
		CC04EB181C9812AD007E6A75 /* TopMenuSelectTests */ = {
			isa = PBXGroup;
			children = (
				CC04EB191C9812AD007E6A75 /* TopMenuSelectTests.m */,
				CC04EB1B1C9812AD007E6A75 /* Info.plist */,
			);
			path = TopMenuSelectTests;
			sourceTree = "<group>";
		};
/* End PBXGroup section */

/* Begin PBXNativeTarget section */
		CC04EAFB1C9812AC007E6A75 /* TopMenuSelect */ = {
			isa = PBXNativeTarget;
			buildConfigurationList = CC04EB1E1C9812AD007E6A75 /* Build configuration list for PBXNativeTarget "TopMenuSelect" */;
			buildPhases = (
				CC04EAF81C9812AC007E6A75 /* Sources */,
				CC04EAF91C9812AC007E6A75 /* Frameworks */,
				CC04EAFA1C9812AC007E6A75 /* Resources */,
			);
			buildRules = (
			);
			dependencies = (
			);
			name = TopMenuSelect;
			productName = TopMenuSelect;
			productReference = CC04EAFC1C9812AC007E6A75 /* TopMenuSelect.app */;
			productType = "com.apple.product-type.application";
		};
		CC04EB141C9812AD007E6A75 /* TopMenuSelectTests */ = {
			isa = PBXNativeTarget;
			buildConfigurationList = CC04EB211C9812AD007E6A75 /* Build configuration list for PBXNativeTarget "TopMenuSelectTests" */;
			buildPhases = (
				CC04EB111C9812AD007E6A75 /* Sources */,
				CC04EB121C9812AD007E6A75 /* Frameworks */,
				CC04EB131C9812AD007E6A75 /* Resources */,
			);
			buildRules = (
			);
			dependencies = (
				CC04EB171C9812AD007E6A75 /* PBXTargetDependency */,
			);
			name = TopMenuSelectTests;
			productName = TopMenuSelectTests;
			productReference = CC04EB151C9812AD007E6A75 /* TopMenuSelectTests.xctest */;
			productType = "com.apple.product-type.bundle.unit-test";
		};
/* End PBXNativeTarget section */

/* Begin PBXProject section */
		CC04EAF41C9812AC007E6A75 /* Project object */ = {
			isa = PBXProject;
			attributes = {
				LastUpgradeCheck = 0820;
				ORGANIZATIONNAME = zhangqian;
				TargetAttributes = {
					CC04EAFB1C9812AC007E6A75 = {
						CreatedOnToolsVersion = 7.0.1;
					};
					CC04EB141C9812AD007E6A75 = {
						CreatedOnToolsVersion = 7.0.1;
						TestTargetID = CC04EAFB1C9812AC007E6A75;
					};
				};
			};
			buildConfigurationList = CC04EAF71C9812AC007E6A75 /* Build configuration list for PBXProject "TopMenuSelect" */;
			compatibilityVersion = "Xcode 3.2";
			developmentRegion = English;
			hasScannedForEncodings = 0;
			knownRegions = (
				en,
				Base,
			);
			mainGroup = CC04EAF31C9812AC007E6A75;
			productRefGroup = CC04EAFD1C9812AC007E6A75 /* Products */;
			projectDirPath = "";
			projectRoot = "";
			targets = (
				CC04EAFB1C9812AC007E6A75 /* TopMenuSelect */,
				CC04EB141C9812AD007E6A75 /* TopMenuSelectTests */,
			);
		};
/* End PBXProject section */

/* Begin PBXResourcesBuildPhase section */
		CC04EAFA1C9812AC007E6A75 /* Resources */ = {
			isa = PBXResourcesBuildPhase;
			buildActionMask = 2147483647;
			files = (
				CC04EB0F1C9812AD007E6A75 /* LaunchScreen.storyboard in Resources */,
				6CF1D3A81E35FA28009C152D /* ic_time_normal.png in Resources */,
				6CF1D3A91E35FA28009C152D /* ic_time_select.png in Resources */,
				CC04EB0C1C9812AD007E6A75 /* Assets.xcassets in Resources */,
				CC04EB0A1C9812AC007E6A75 /* Main.storyboard in Resources */,
				CC04EB2B1C981328007E6A75 /* TopMenuSelectViewController.xib in Resources */,
				6CF1D3A61E35FA28009C152D /* ic_site_normal.png in Resources */,
				6CF1D3A41E35FA28009C152D /* ic_desc_normal.png in Resources */,
				6CF1D3A31E35FA28009C152D /* ic_bus_select.png in Resources */,
				6CF1D3A51E35FA28009C152D /* ic_desc_select.png in Resources */,
				6CF1D3A71E35FA28009C152D /* ic_site_select.png in Resources */,
				6CF1D3A21E35FA28009C152D /* ic_bus_normal.png in Resources */,
			);
			runOnlyForDeploymentPostprocessing = 0;
		};
		CC04EB131C9812AD007E6A75 /* Resources */ = {
			isa = PBXResourcesBuildPhase;
			buildActionMask = 2147483647;
			files = (
			);
			runOnlyForDeploymentPostprocessing = 0;
		};
/* End PBXResourcesBuildPhase section */

/* Begin PBXSourcesBuildPhase section */
		CC04EAF81C9812AC007E6A75 /* Sources */ = {
			isa = PBXSourcesBuildPhase;
			buildActionMask = 2147483647;
			files = (
				CC04EB041C9812AC007E6A75 /* AppDelegate.m in Sources */,
				CC04EB261C9812DF007E6A75 /* BaseViewController.m in Sources */,
				CC04EB011C9812AC007E6A75 /* main.m in Sources */,
				CC04EB2A1C981328007E6A75 /* TopMenuSelectViewController.m in Sources */,
			);
			runOnlyForDeploymentPostprocessing = 0;
		};
		CC04EB111C9812AD007E6A75 /* Sources */ = {
			isa = PBXSourcesBuildPhase;
			buildActionMask = 2147483647;
			files = (
				CC04EB1A1C9812AD007E6A75 /* TopMenuSelectTests.m in Sources */,
			);
			runOnlyForDeploymentPostprocessing = 0;
		};
/* End PBXSourcesBuildPhase section */

/* Begin PBXTargetDependency section */
		CC04EB171C9812AD007E6A75 /* PBXTargetDependency */ = {
			isa = PBXTargetDependency;
			target = CC04EAFB1C9812AC007E6A75 /* TopMenuSelect */;
			targetProxy = CC04EB161C9812AD007E6A75 /* PBXContainerItemProxy */;
		};
/* End PBXTargetDependency section */

/* Begin PBXVariantGroup section */
		CC04EB081C9812AC007E6A75 /* Main.storyboard */ = {
			isa = PBXVariantGroup;
			children = (
				CC04EB091C9812AC007E6A75 /* Base */,
			);
			name = Main.storyboard;
			sourceTree = "<group>";
		};
		CC04EB0D1C9812AD007E6A75 /* LaunchScreen.storyboard */ = {
			isa = PBXVariantGroup;
			children = (
				CC04EB0E1C9812AD007E6A75 /* Base */,
			);
			name = LaunchScreen.storyboard;
			sourceTree = "<group>";
		};
/* End PBXVariantGroup section */

/* Begin XCBuildConfiguration section */
		CC04EB1C1C9812AD007E6A75 /* Debug */ = {
			isa = XCBuildConfiguration;
			buildSettings = {
				ALWAYS_SEARCH_USER_PATHS = NO;
				CLANG_CXX_LANGUAGE_STANDARD = "gnu++0x";
				CLANG_CXX_LIBRARY = "libc++";
				CLANG_ENABLE_MODULES = YES;
				CLANG_ENABLE_OBJC_ARC = YES;
				CLANG_WARN_BOOL_CONVERSION = YES;
				CLANG_WARN_CONSTANT_CONVERSION = YES;
				CLANG_WARN_DIRECT_OBJC_ISA_USAGE = YES_ERROR;
				CLANG_WARN_EMPTY_BODY = YES;
				CLANG_WARN_ENUM_CONVERSION = YES;
				CLANG_WARN_INFINITE_RECURSION = YES;
				CLANG_WARN_INT_CONVERSION = YES;
				CLANG_WARN_OBJC_ROOT_CLASS = YES_ERROR;
				CLANG_WARN_SUSPICIOUS_MOVE = YES;
				CLANG_WARN_UNREACHABLE_CODE = YES;
				CLANG_WARN__DUPLICATE_METHOD_MATCH = YES;
				"CODE_SIGN_IDENTITY[sdk=iphoneos*]" = "iPhone Developer";
				COPY_PHASE_STRIP = NO;
				DEBUG_INFORMATION_FORMAT = dwarf;
				ENABLE_STRICT_OBJC_MSGSEND = YES;
				ENABLE_TESTABILITY = YES;
				GCC_C_LANGUAGE_STANDARD = gnu99;
				GCC_DYNAMIC_NO_PIC = NO;
				GCC_NO_COMMON_BLOCKS = YES;
				GCC_OPTIMIZATION_LEVEL = 0;
				GCC_PREPROCESSOR_DEFINITIONS = (
					"DEBUG=1",
					"$(inherited)",
				);
				GCC_WARN_64_TO_32_BIT_CONVERSION = YES;
				GCC_WARN_ABOUT_RETURN_TYPE = YES_ERROR;
				GCC_WARN_UNDECLARED_SELECTOR = YES;
				GCC_WARN_UNINITIALIZED_AUTOS = YES_AGGRESSIVE;
				GCC_WARN_UNUSED_FUNCTION = YES;
				GCC_WARN_UNUSED_VARIABLE = YES;
				IPHONEOS_DEPLOYMENT_TARGET = 9.0;
				MTL_ENABLE_DEBUG_INFO = YES;
				ONLY_ACTIVE_ARCH = YES;
				SDKROOT = iphoneos;
				TARGETED_DEVICE_FAMILY = "1,2";
			};
			name = Debug;
		};
		CC04EB1D1C9812AD007E6A75 /* Release */ = {
			isa = XCBuildConfiguration;
			buildSettings = {
				ALWAYS_SEARCH_USER_PATHS = NO;
				CLANG_CXX_LANGUAGE_STANDARD = "gnu++0x";
				CLANG_CXX_LIBRARY = "libc++";
				CLANG_ENABLE_MODULES = YES;
				CLANG_ENABLE_OBJC_ARC = YES;
				CLANG_WARN_BOOL_CONVERSION = YES;
				CLANG_WARN_CONSTANT_CONVERSION = YES;
				CLANG_WARN_DIRECT_OBJC_ISA_USAGE = YES_ERROR;
				CLANG_WARN_EMPTY_BODY = YES;
				CLANG_WARN_ENUM_CONVERSION = YES;
				CLANG_WARN_INFINITE_RECURSION = YES;
				CLANG_WARN_INT_CONVERSION = YES;
				CLANG_WARN_OBJC_ROOT_CLASS = YES_ERROR;
				CLANG_WARN_SUSPICIOUS_MOVE = YES;
				CLANG_WARN_UNREACHABLE_CODE = YES;
				CLANG_WARN__DUPLICATE_METHOD_MATCH = YES;
				"CODE_SIGN_IDENTITY[sdk=iphoneos*]" = "iPhone Developer";
				COPY_PHASE_STRIP = NO;
				DEBUG_INFORMATION_FORMAT = "dwarf-with-dsym";
				ENABLE_NS_ASSERTIONS = NO;
				ENABLE_STRICT_OBJC_MSGSEND = YES;
				GCC_C_LANGUAGE_STANDARD = gnu99;
				GCC_NO_COMMON_BLOCKS = YES;
				GCC_WARN_64_TO_32_BIT_CONVERSION = YES;
				GCC_WARN_ABOUT_RETURN_TYPE = YES_ERROR;
				GCC_WARN_UNDECLARED_SELECTOR = YES;
				GCC_WARN_UNINITIALIZED_AUTOS = YES_AGGRESSIVE;
				GCC_WARN_UNUSED_FUNCTION = YES;
				GCC_WARN_UNUSED_VARIABLE = YES;
				IPHONEOS_DEPLOYMENT_TARGET = 9.0;
				MTL_ENABLE_DEBUG_INFO = NO;
				SDKROOT = iphoneos;
				TARGETED_DEVICE_FAMILY = "1,2";
				VALIDATE_PRODUCT = YES;
			};
			name = Release;
		};
		CC04EB1F1C9812AD007E6A75 /* Debug */ = {
			isa = XCBuildConfiguration;
			buildSettings = {
				ASSETCATALOG_COMPILER_APPICON_NAME = AppIcon;
				INFOPLIST_FILE = TopMenuSelect/Info.plist;
				LD_RUNPATH_SEARCH_PATHS = "$(inherited) @executable_path/Frameworks";
				PRODUCT_BUNDLE_IDENTIFIER = cn.edu.zhangqian.TopMenuSelect;
				PRODUCT_NAME = "$(TARGET_NAME)";
			};
			name = Debug;
		};
		CC04EB201C9812AD007E6A75 /* Release */ = {
			isa = XCBuildConfiguration;
			buildSettings = {
				ASSETCATALOG_COMPILER_APPICON_NAME = AppIcon;
				INFOPLIST_FILE = TopMenuSelect/Info.plist;
				LD_RUNPATH_SEARCH_PATHS = "$(inherited) @executable_path/Frameworks";
				PRODUCT_BUNDLE_IDENTIFIER = cn.edu.zhangqian.TopMenuSelect;
				PRODUCT_NAME = "$(TARGET_NAME)";
			};
			name = Release;
		};
		CC04EB221C9812AD007E6A75 /* Debug */ = {
			isa = XCBuildConfiguration;
			buildSettings = {
				BUNDLE_LOADER = "$(TEST_HOST)";
				INFOPLIST_FILE = TopMenuSelectTests/Info.plist;
				LD_RUNPATH_SEARCH_PATHS = "$(inherited) @executable_path/Frameworks @loader_path/Frameworks";
				PRODUCT_BUNDLE_IDENTIFIER = cn.edu.zhangqian.TopMenuSelectTests;
				PRODUCT_NAME = "$(TARGET_NAME)";
				TEST_HOST = "$(BUILT_PRODUCTS_DIR)/TopMenuSelect.app/TopMenuSelect";
			};
			name = Debug;
		};
		CC04EB231C9812AD007E6A75 /* Release */ = {
			isa = XCBuildConfiguration;
			buildSettings = {
				BUNDLE_LOADER = "$(TEST_HOST)";
				INFOPLIST_FILE = TopMenuSelectTests/Info.plist;
				LD_RUNPATH_SEARCH_PATHS = "$(inherited) @executable_path/Frameworks @loader_path/Frameworks";
				PRODUCT_BUNDLE_IDENTIFIER = cn.edu.zhangqian.TopMenuSelectTests;
				PRODUCT_NAME = "$(TARGET_NAME)";
				TEST_HOST = "$(BUILT_PRODUCTS_DIR)/TopMenuSelect.app/TopMenuSelect";
			};
			name = Release;
		};
/* End XCBuildConfiguration section */

/* Begin XCConfigurationList section */
		CC04EAF71C9812AC007E6A75 /* Build configuration list for PBXProject "TopMenuSelect" */ = {
			isa = XCConfigurationList;
			buildConfigurations = (
				CC04EB1C1C9812AD007E6A75 /* Debug */,
				CC04EB1D1C9812AD007E6A75 /* Release */,
			);
			defaultConfigurationIsVisible = 0;
			defaultConfigurationName = Release;
		};
		CC04EB1E1C9812AD007E6A75 /* Build configuration list for PBXNativeTarget "TopMenuSelect" */ = {
			isa = XCConfigurationList;
			buildConfigurations = (
				CC04EB1F1C9812AD007E6A75 /* Debug */,
				CC04EB201C9812AD007E6A75 /* Release */,
			);
			defaultConfigurationIsVisible = 0;
			defaultConfigurationName = Release;
		};
		CC04EB211C9812AD007E6A75 /* Build configuration list for PBXNativeTarget "TopMenuSelectTests" */ = {
			isa = XCConfigurationList;
			buildConfigurations = (
				CC04EB221C9812AD007E6A75 /* Debug */,
				CC04EB231C9812AD007E6A75 /* Release */,
			);
			defaultConfigurationIsVisible = 0;
			defaultConfigurationName = Release;
		};
/* End XCConfigurationList section */
	};
	rootObject = CC04EAF41C9812AC007E6A75 /* Project object */;
}
